
Microsoft Visual Studio Solution File, Format Version 12.00
# Visual Studio Version 17
VisualStudioVersion = 17.4.33110.190
MinimumVisualStudioVersion = 10.0.40219.1
Project("{9A19103F-16F7-4668-BE54-9A1E7A4F7556}") = "Auto666.Web", "Auto666.Web\Auto666.Web.csproj", "{2DE575AA-9CEA-45CF-AD71-B67ADCE387CC}"
EndProject
Project("{9A19103F-16F7-4668-BE54-9A1E7A4F7556}") = "Auto666.Api", "Auto666.Api\Auto666.Api.csproj", "{D4A7A246-5A25-4827-AF1C-0408637417D9}"
EndProject
Project("{9A19103F-16F7-4668-BE54-9A1E7A4F7556}") = "Auto666.Models", "Auto666.Models\Auto666.Models.csproj", "{C330027F-DFA2-41D0-B390-E3BBADF9D04C}"
EndProject
Global
	GlobalSection(SolutionConfigurationPlatforms) = preSolution
		Debug|Any CPU = Debug|Any CPU
		Release|Any CPU = Release|Any CPU
	EndGlobalSection
	GlobalSection(ProjectConfigurationPlatforms) = postSolution
		{2DE575AA-9CEA-45CF-AD71-B67ADCE387CC}.Debug|Any CPU.ActiveCfg = Debug|Any CPU
		{2DE575AA-9CEA-45CF-AD71-B67ADCE387CC}.Debug|Any CPU.Build.0 = Debug|Any CPU
		{2DE575AA-9CEA-45CF-AD71-B67ADCE387CC}.Release|Any CPU.ActiveCfg = Release|Any CPU
		{2DE575AA-9CEA-45CF-AD71-B67ADCE387CC}.Release|Any CPU.Build.0 = Release|Any CPU
		{D4A7A246-5A25-4827-AF1C-0408637417D9}.Debug|Any CPU.ActiveCfg = Debug|Any CPU
		{D4A7A246-5A25-4827-AF1C-0408637417D9}.Debug|Any CPU.Build.0 = Debug|Any CPU
		{D4A7A246-5A25-4827-AF1C-0408637417D9}.Release|Any CPU.ActiveCfg = Release|Any CPU
		{D4A7A246-5A25-4827-AF1C-0408637417D9}.Release|Any CPU.Build.0 = Release|Any CPU
		{C330027F-DFA2-41D0-B390-E3BBADF9D04C}.Debug|Any CPU.ActiveCfg = Debug|Any CPU
		{C330027F-DFA2-41D0-B390-E3BBADF9D04C}.Debug|Any CPU.Build.0 = Debug|Any CPU
		{C330027F-DFA2-41D0-B390-E3BBADF9D04C}.Release|Any CPU.ActiveCfg = Release|Any CPU
		{C330027F-DFA2-41D0-B390-E3BBADF9D04C}.Release|Any CPU.Build.0 = Release|Any CPU
	EndGlobalSection
	GlobalSection(SolutionProperties) = preSolution
		HideSolutionNode = FALSE
	EndGlobalSection
	GlobalSection(ExtensibilityGlobals) = postSolution
		SolutionGuid = {40CD94CD-377E-439C-AC8F-86E37A109583}
	EndGlobalSection
EndGlobal
